
Microsoft Visual Studio Solution File, Format Version 12.00
# Visual Studio Version 17
VisualStudioVersion = 17.5.002.0
MinimumVisualStudioVersion = 10.0.40219.1
Project("{9A19103F-16F7-4668-BE54-9A1E7A4F7556}") = "api", "api.csproj", "{60ED1095-3F31-47A2-8B10-4A933E809CF9}"
EndProject
Global
	GlobalSection(SolutionConfigurationPlatforms) = preSolution
		Debug|Any CPU = Debug|Any CPU
		Release|Any CPU = Release|Any CPU
	EndGlobalSection
	GlobalSection(ProjectConfigurationPlatforms) = postSolution
		{60ED1095-3F31-47A2-8B10-4A933E809CF9}.Debug|Any CPU.ActiveCfg = Debug|Any CPU
		{60ED1095-3F31-47A2-8B10-4A933E809CF9}.Debug|Any CPU.Build.0 = Debug|Any CPU
		{60ED1095-3F31-47A2-8B10-4A933E809CF9}.Release|Any CPU.ActiveCfg = Release|Any CPU
		{60ED1095-3F31-47A2-8B10-4A933E809CF9}.Release|Any CPU.Build.0 = Release|Any CPU
	EndGlobalSection
	GlobalSection(SolutionProperties) = preSolution
		HideSolutionNode = FALSE
	EndGlobalSection
	GlobalSection(ExtensibilityGlobals) = postSolution
		SolutionGuid = {27F5EEA0-FF27-47D5-9E23-9F629E9916A2}
	EndGlobalSection
EndGlobal
